// !$*UTF8*$!
{
	archiveVersion = 1;
	classes = {
	};
	objectVersion = 77;
	objects = {

/* Begin PBXBuildFile section */
		01F69423C2CB3F77ACBA69DA /* SettingsView.swift in Sources */ = {isa = PBXBuildFile; fileRef = B989CFC1B772DCC1FD5E74F6 /* SettingsView.swift */; };
		0253C53A6A5428DFEFE7807A /* OfflineCompletenessTests.swift in Sources */ = {isa = PBXBuildFile; fileRef = 66A152530F86B2F096020DF8 /* OfflineCompletenessTests.swift */; };
		02CAAD5AA98EC60B5D30BC25 /* ScreenshotViewer.swift in Sources */ = {isa = PBXBuildFile; fileRef = 30B531FA942D96036B11AE30 /* ScreenshotViewer.swift */; };
		06BF047951390D783CFA3F3D /* AppDevice.swift in Sources */ = {isa = PBXBuildFile; fileRef = 5CFB590F77008376AAC261A8 /* AppDevice.swift */; };
		070309D43C0778D100147E4A /* RichTextView.swift in Sources */ = {isa = PBXBuildFile; fileRef = 777D3A0AC3604F09D8A0DD4F /* RichTextView.swift */; };
		08A3B71916C5E8ED34101E8A /* Domain in Frameworks */ = {isa = PBXBuildFile; productRef = 0E924C867EAA12FBA94B943D /* Domain */; };
		0FE22F522FE667457392952C /* WidgetNoteSelection.swift in Sources */ = {isa = PBXBuildFile; fileRef = 406011DB5C4595F7D2AE8EE3 /* WidgetNoteSelection.swift */; };
		11DC1A682CC5FF585D18DA34 /* EditorAppBridgeTests.swift in Sources */ = {isa = PBXBuildFile; fileRef = 81900AF4BA1C9E0E2E07F08F /* EditorAppBridgeTests.swift */; };
		1543CC1D86E9D4EACA48829F /* WidgetRefreshCoordinator.swift in Sources */ = {isa = PBXBuildFile; fileRef = A551E45B01856B10E07279F5 /* WidgetRefreshCoordinator.swift */; };
		1EBD47DAC11CAEB856B68FF8 /* WidgetRefreshTests.swift in Sources */ = {isa = PBXBuildFile; fileRef = 776309F2630239B7A7F9FC75 /* WidgetRefreshTests.swift */; };
		1F661C36D12110C35C9C2A47 /* AboutView.swift in Sources */ = {isa = PBXBuildFile; fileRef = E33000AC29D628D639C800E6 /* AboutView.swift */; };
		23E3D44D50AC0C249934FA34 /* DeletionToast.swift in Sources */ = {isa = PBXBuildFile; fileRef = CE073F15BD216B9737F5741A /* DeletionToast.swift */; };
		291B0F0705855B01B173D037 /* Domain in Frameworks */ = {isa = PBXBuildFile; productRef = F70C2DB4F125716B9C4A4E22 /* Domain */; };
		2999D1FE8E80C36871A91517 /* NoteCardView.swift in Sources */ = {isa = PBXBuildFile; fileRef = CD1ED0E86F248BE44B76466B /* NoteCardView.swift */; };
		2C3658C2C28C3D6893C7F81A /* MenuBarLibraryScene.swift in Sources */ = {isa = PBXBuildFile; fileRef = 66643A2B42C3BAF1F46F53BA /* MenuBarLibraryScene.swift */; };
		2C8062C347153AF1BFB1FF83 /* SyncCore in Frameworks */ = {isa = PBXBuildFile; productRef = 33ACDE522DDC6C590228CA92 /* SyncCore */; };
		336ED45EBFA8F35370EC0884 /* WidgetNoteSelectionTests.swift in Sources */ = {isa = PBXBuildFile; fileRef = 3C6F668B3B850EA324CDFF14 /* WidgetNoteSelectionTests.swift */; };
		3805242A29627DCA6D9A1327 /* EmptyStateView.swift in Sources */ = {isa = PBXBuildFile; fileRef = 36DB93B13103F25F6761C30C /* EmptyStateView.swift */; };
		380FC9E9686FB601F597E1BF /* Persistence in Frameworks */ = {isa = PBXBuildFile; productRef = 685DD79A896646A6A66AF18F /* Persistence */; };
		393340908103F54F384F5BB3 /* LibraryExceptionGuaranteeTests.swift in Sources */ = {isa = PBXBuildFile; fileRef = 7E0007C0D40125E925AAE353 /* LibraryExceptionGuaranteeTests.swift */; };
		393D73C0A13E0E8514A0F2A0 /* HelpView.swift in Sources */ = {isa = PBXBuildFile; fileRef = 2EF49CBCD3261EF09837E230 /* HelpView.swift */; };
		3DF56F717FB3BB7B4782D7EB /* ScopedAccessibilityLabelsTests.swift in Sources */ = {isa = PBXBuildFile; fileRef = AB87FC6A1C0021CB9DD4BA00 /* ScopedAccessibilityLabelsTests.swift */; };
		408D2781799D8AC345273895 /* CardRenderingTests.swift in Sources */ = {isa = PBXBuildFile; fileRef = 47E699CFE81EE3B297E3E3A9 /* CardRenderingTests.swift */; };
		4712D2B8A75B68C6E3D85EBE /* EditorCore in Frameworks */ = {isa = PBXBuildFile; productRef = B3648445B9C8B8BAB042421A /* EditorCore */; };
		4748DEF9C44AA26C43283ADC /* SyncStatusView.swift in Sources */ = {isa = PBXBuildFile; fileRef = E9EB02FBE87122ED8B43E92B /* SyncStatusView.swift */; };
		49BDD42BF12571FB40906CCC /* AppearanceIntegrationTests.swift in Sources */ = {isa = PBXBuildFile; fileRef = F054502E5BC18175FE4975FA /* AppearanceIntegrationTests.swift */; };
		4AA5B7B2F5B3EA0E5FBD4E93 /* FileReferenceAvailabilityTests.swift in Sources */ = {isa = PBXBuildFile; fileRef = F1E5050C3BB8197397567185 /* FileReferenceAvailabilityTests.swift */; };
		5002A19BF8634AA2636408C0 /* ScreenshotCoverAndCaptureTests.swift in Sources */ = {isa = PBXBuildFile; fileRef = BE3B44B46FEF28A567DD2B39 /* ScreenshotCoverAndCaptureTests.swift */; };
		55F971594E6C89985CF4D904 /* NoteControlsView.swift in Sources */ = {isa = PBXBuildFile; fileRef = 2DF0A9411C18B8244741F413 /* NoteControlsView.swift */; };
		56396920CCEA9E178A872C31 /* TodoCodeFileRefIntegrationTests.swift in Sources */ = {isa = PBXBuildFile; fileRef = B2F91B1246693F0D0CE9D112 /* TodoCodeFileRefIntegrationTests.swift */; };
		59A1FB8448C5BD22E3A906F9 /* NoteWindowLifecycleTests.swift in Sources */ = {isa = PBXBuildFile; fileRef = D705E0B076C79908888284FD /* NoteWindowLifecycleTests.swift */; };
		5A542D6DB14A436A04142333 /* WidgetExtension.appex in Embed Foundation Extensions */ = {isa = PBXBuildFile; fileRef = C893B99213FD87B64D1DB1E9 /* WidgetExtension.appex */; settings = {ATTRIBUTES = (RemoveHeadersOnCopy, ); }; };
		5B90F13494432CA427DDB53B /* DeepLinkRouter.swift in Sources */ = {isa = PBXBuildFile; fileRef = BAF355B8CB6597A934B62701 /* DeepLinkRouter.swift */; };
		5DAE9DB23601424BB994A099 /* SyncCompositionTests.swift in Sources */ = {isa = PBXBuildFile; fileRef = 238D8FE16B06923FB561C0B3 /* SyncCompositionTests.swift */; };
		62C5A2B95A77F6D5B72DDE42 /* Formatters.swift in Sources */ = {isa = PBXBuildFile; fileRef = 7179395CF3D9AC0A08605ADB /* Formatters.swift */; };
		65AE4E6A775B7B08C9809128 /* NoteFontResolver.swift in Sources */ = {isa = PBXBuildFile; fileRef = 3F38759FEEB337176AB86FCD /* NoteFontResolver.swift */; };
		68DD8C3272E9438016B03193 /* EditorAppBridge.swift in Sources */ = {isa = PBXBuildFile; fileRef = 671A751D4B5B0FCABB4A0182 /* EditorAppBridge.swift */; };
		691913C0006A8A0D03252E74 /* P1IndependenceGateTests.swift in Sources */ = {isa = PBXBuildFile; fileRef = E3575671F5D9921DF5DF000F /* P1IndependenceGateTests.swift */; };
		6B4F015BE64A56552DE4B125 /* Resources in Resources */ = {isa = PBXBuildFile; fileRef = 0048A73D7254A5193FEDD794 /* Resources */; };
		6CCA2617D5F0A95FC3FE49C6 /* FileRefIndicatorStatesTests.swift in Sources */ = {isa = PBXBuildFile; fileRef = CCF64B9C1E6F02300F0E7E7E /* FileRefIndicatorStatesTests.swift */; };
		6CD9CDDE1A3648411FAB1B89 /* ScreenshotViewerInteractionTests.swift in Sources */ = {isa = PBXBuildFile; fileRef = 42B4E812255A534037E87735 /* ScreenshotViewerInteractionTests.swift */; };
		6EB06BDE8A3530AF0F49B416 /* LocalizationCompletenessTests.swift in Sources */ = {isa = PBXBuildFile; fileRef = 12EFA4FE3B28970A66644A14 /* LocalizationCompletenessTests.swift */; };
		742DF23738444198A5DF7D99 /* AboutReachabilityIntegrationTests.swift in Sources */ = {isa = PBXBuildFile; fileRef = D058524C9FC6A00A4D239A21 /* AboutReachabilityIntegrationTests.swift */; };
		746FC7C8CBCAD623A384C37C /* EmptyLibraryView.swift in Sources */ = {isa = PBXBuildFile; fileRef = 50162E9CA34419A4324617FD /* EmptyLibraryView.swift */; };
		7C9122123385CD9B567836BB /* ReadableTheme.swift in Sources */ = {isa = PBXBuildFile; fileRef = 95A65C6ECB5EC56D74D9BFB2 /* ReadableTheme.swift */; };
		7E1EA87F46301D09B17960E5 /* LibrarySearchView.swift in Sources */ = {isa = PBXBuildFile; fileRef = 7B0561D9ACF463C89D89F9D7 /* LibrarySearchView.swift */; };
		80F60F8A48F740237EBB73A0 /* TrashView.swift in Sources */ = {isa = PBXBuildFile; fileRef = D462CEF28D63AA9A3EF562BE /* TrashView.swift */; };
		81853A5067A28FA2E2E3985B /* UnifiedEmptyStateTests.swift in Sources */ = {isa = PBXBuildFile; fileRef = A52D8475D89CFC9928FB72CA /* UnifiedEmptyStateTests.swift */; };
		82FD972B563FF188684B1988 /* RetrievalIntegrationTests.swift in Sources */ = {isa = PBXBuildFile; fileRef = EC3838B51142C69C678F3EF9 /* RetrievalIntegrationTests.swift */; };
		84D136E188C92D4C1CA034B0 /* WidgetSnapshots.swift in Sources */ = {isa = PBXBuildFile; fileRef = 95B62B57F999AF093AA6BF85 /* WidgetSnapshots.swift */; };
		85E030AF6A45FECA80A2BBC5 /* NoteContextualActionsTests.swift in Sources */ = {isa = PBXBuildFile; fileRef = 05AAAF25EF491293349A9C20 /* NoteContextualActionsTests.swift */; };
		87909407E1978C0664C620A2 /* BlockPresentationConsistencyTests.swift in Sources */ = {isa = PBXBuildFile; fileRef = 31BD4FDBDA09E46F419BEC3C /* BlockPresentationConsistencyTests.swift */; };
		8855C12F43F61EE747D1555E /* FontPreferenceView.swift in Sources */ = {isa = PBXBuildFile; fileRef = AB9FE63191E1934E75111E80 /* FontPreferenceView.swift */; };
		898D62ACC007FB1FC1C2EAC0 /* NoteCaptureIntegrationTests.swift in Sources */ = {isa = PBXBuildFile; fileRef = 224AAE3167A32C4601904E72 /* NoteCaptureIntegrationTests.swift */; };
		8B5793F2AA7A4333E3C84B4E /* EditorPersistenceTests.swift in Sources */ = {isa = PBXBuildFile; fileRef = 9F356771408B998825A69D1D /* EditorPersistenceTests.swift */; };
		8BA6426A012A3D4AAF1A0142 /* RegressionTests.swift in Sources */ = {isa = PBXBuildFile; fileRef = 52436AFC7237351A381EE3FA /* RegressionTests.swift */; };
		8CC760B620FB1E5A26F03057 /* SystemBridge in Frameworks */ = {isa = PBXBuildFile; productRef = F5142B2FF36510477A5F737C /* SystemBridge */; };
		8D662356BD2A6817EA77998A /* RichTextBlockView.swift in Sources */ = {isa = PBXBuildFile; fileRef = E8ACC7F76C51993D7B944C36 /* RichTextBlockView.swift */; };
		8F01C6BB4D0D84C589D35106 /* BlockContainer.swift in Sources */ = {isa = PBXBuildFile; fileRef = 4BBA15701C7603BFE67E1B40 /* BlockContainer.swift */; };
		96B058C64E079C458037C1DE /* LibraryWindowPresentationTests.swift in Sources */ = {isa = PBXBuildFile; fileRef = 5BE71E6445CC33FAC29A0361 /* LibraryWindowPresentationTests.swift */; };
		996582B853A616E6F2E89A24 /* WidgetIntents.swift in Sources */ = {isa = PBXBuildFile; fileRef = 1C7F5699089ED1AA9D9E8EED /* WidgetIntents.swift */; };
		9C73249647B466A240A45226 /* Persistence in Frameworks */ = {isa = PBXBuildFile; productRef = BB1B7579CFA6433AA1BFD527 /* Persistence */; };
		9D9C3EE383A52652CF2D104A /* EditorBlockEditingTests.swift in Sources */ = {isa = PBXBuildFile; fileRef = FE3D4DFFA69E1A8E39098277 /* EditorBlockEditingTests.swift */; };
		A25FB7594866517CD734E454 /* SyncSettingsView.swift in Sources */ = {isa = PBXBuildFile; fileRef = 057AD9F7C0E332D507AD2DF1 /* SyncSettingsView.swift */; };
		A4A09BC252B59CAEBEED7B19 /* SearchWiringTests.swift in Sources */ = {isa = PBXBuildFile; fileRef = DE3F3C44918362809DA7FF53 /* SearchWiringTests.swift */; };
		AA8C5D14CDB414560984BEE6 /* LibraryModel.swift in Sources */ = {isa = PBXBuildFile; fileRef = 6F60C54C7398454DA1704818 /* LibraryModel.swift */; };
		AC46B4C2E9CAE86F391FF58A /* GRDB in Frameworks */ = {isa = PBXBuildFile; productRef = 909C861577CB828CAC56F732 /* GRDB */; };
		AC6DE148D104D58C8295A1F8 /* PermissionFallbackIntegrationTests.swift in Sources */ = {isa = PBXBuildFile; fileRef = 5843B5DCDAC79240A5B9829C /* PermissionFallbackIntegrationTests.swift */; };
		B1891C7992D03F59FF289AF0 /* LibrarySheetToggleTests.swift in Sources */ = {isa = PBXBuildFile; fileRef = 18AEBB1AF4516D9DDE0195C1 /* LibrarySheetToggleTests.swift */; };
		B2E24EF4CDD2A2C3561F71BF /* ScreenshotBlockView.swift in Sources */ = {isa = PBXBuildFile; fileRef = 78CD3DDE7950E7C9897A7354 /* ScreenshotBlockView.swift */; };
		B4FCBD5655604D9F38D45948 /* AppEnvironment.swift in Sources */ = {isa = PBXBuildFile; fileRef = 17DCD27851E847489C9BE57D /* AppEnvironment.swift */; };
		B85F4D38B3E055CD96CED96E /* ShortcutConfigurationTests.swift in Sources */ = {isa = PBXBuildFile; fileRef = 08026E11DFAC6864A0BE784C /* ShortcutConfigurationTests.swift */; };
		B96E5AEF4EF8FEE1AC7414CD /* CriticalFlowsUITests.swift in Sources */ = {isa = PBXBuildFile; fileRef = CE15E1F9A87293445BC594D0 /* CriticalFlowsUITests.swift */; };
		BB7588FFD7FC25FB76FE07CF /* CaptureFlow.swift in Sources */ = {isa = PBXBuildFile; fileRef = EE37C4D28AB3CF1A90875194 /* CaptureFlow.swift */; };
		BBF10666863E7993C3E88196 /* AppLogicTests.swift in Sources */ = {isa = PBXBuildFile; fileRef = D50B9DD9C0B78F71D5902DF5 /* AppLogicTests.swift */; };
		BC7415B322EA55D0FC4A3CD8 /* FirstLaunchExperienceIntegrationTests.swift in Sources */ = {isa = PBXBuildFile; fileRef = E138C7ED3DA3A65AD093D148 /* FirstLaunchExperienceIntegrationTests.swift */; };
		BC9DAD4F46A3BEB820BF1F14 /* NoteExportImport.swift in Sources */ = {isa = PBXBuildFile; fileRef = F3DC6FF3EE4BA74E8E5FDC36 /* NoteExportImport.swift */; };
		BEC5E311BB2EF4FE6D9585F7 /* TodoBlockView.swift in Sources */ = {isa = PBXBuildFile; fileRef = 226231C3FA8C724BB9022CDD /* TodoBlockView.swift */; };
		C0D003C209E058943589532B /* LocalPreferences.swift in Sources */ = {isa = PBXBuildFile; fileRef = 9F89F26E56BDECD64F1D6C47 /* LocalPreferences.swift */; };
		C0F475CAA4F650090DCD6BA4 /* StickyWidgetBundle.swift in Sources */ = {isa = PBXBuildFile; fileRef = 0E5FFFDF07890FE79DF6446C /* StickyWidgetBundle.swift */; };
		C12E94117D70DE456E689026 /* StickyNotesApp.swift in Sources */ = {isa = PBXBuildFile; fileRef = D1132623A93A04B27B3B53BE /* StickyNotesApp.swift */; };
		C1C124384B0669BA0D890323 /* SyncCoordinator.swift in Sources */ = {isa = PBXBuildFile; fileRef = 800FB390FA5FBE03B4E109C9 /* SyncCoordinator.swift */; };
		C2FBF45CE33EF66FF3EE1E2B /* FontPreferenceApplicationTests.swift in Sources */ = {isa = PBXBuildFile; fileRef = B7739B6E2926F4062557BD94 /* FontPreferenceApplicationTests.swift */; };
		C4AE6166F11C3E93D2A7CE92 /* GridMetricsTests.swift in Sources */ = {isa = PBXBuildFile; fileRef = FE9D13B120985306A3AE81FB /* GridMetricsTests.swift */; };
		C58CEE35B4750F2C02DA33E6 /* Phase27LocalizationTests.swift in Sources */ = {isa = PBXBuildFile; fileRef = 3DA87889F86C413D90CD9C08 /* Phase27LocalizationTests.swift */; };
		C7358CEC457FB7145EBF8AF3 /* ConflictCopyView.swift in Sources */ = {isa = PBXBuildFile; fileRef = FCE29D03379F2F762EB0CB21 /* ConflictCopyView.swift */; };
		C9C6A9FED10802B7B5BA866E /* HelpReachabilityTests.swift in Sources */ = {isa = PBXBuildFile; fileRef = 3F2B6023F64C3C95470173F7 /* HelpReachabilityTests.swift */; };
		CEE7BEA14E640F69EDD73CCE /* AssetStore in Frameworks */ = {isa = PBXBuildFile; productRef = 6FFFFB09E504973F99ADC646 /* AssetStore */; };
		D34E52F7096311B33CE7D827 /* NoteWindowCoordinator.swift in Sources */ = {isa = PBXBuildFile; fileRef = 53498824F72CB453617B8546 /* NoteWindowCoordinator.swift */; };
		D8DE28ACDB24B95062089D63 /* CodeBlockView.swift in Sources */ = {isa = PBXBuildFile; fileRef = C39E7F8A3D047F54BDBAD329 /* CodeBlockView.swift */; };
		DA8F2B70D018524A6CFAB3F5 /* WidgetChangeDrivenRefreshTests.swift in Sources */ = {isa = PBXBuildFile; fileRef = CD3C06AA55DBAE0C371AD007 /* WidgetChangeDrivenRefreshTests.swift */; };
		E339A2915C298CFB87C68161 /* SecurityCore in Frameworks */ = {isa = PBXBuildFile; productRef = A5139BD372DFB1A4199024BE /* SecurityCore */; };
		EC7AC7CFC75FB2781519FD36 /* RegionSelectionOverlay.swift in Sources */ = {isa = PBXBuildFile; fileRef = 24530E2FD1D52B606C58EFAE /* RegionSelectionOverlay.swift */; };
		EDD2C039B7388674904D1252 /* MediaPresenters.swift in Sources */ = {isa = PBXBuildFile; fileRef = 5AFF25B3629BBDAA365BA9DF /* MediaPresenters.swift */; };
		F04FF4A1B5B21B168D7EB43B /* WidgetEligibilityUxTests.swift in Sources */ = {isa = PBXBuildFile; fileRef = 2353396C6B924CADCF579440 /* WidgetEligibilityUxTests.swift */; };
		F08D2F849D2EE72ACE3DD013 /* NoteWindowHostModel.swift in Sources */ = {isa = PBXBuildFile; fileRef = 98BFD4394DD1905AFCE9370E /* NoteWindowHostModel.swift */; };
		F86D046AADCD5185F2A1942C /* ScreenshotIntegrationTests.swift in Sources */ = {isa = PBXBuildFile; fileRef = 8370B15CA2971369F7A662EE /* ScreenshotIntegrationTests.swift */; };
		F8E8B31BD47D94D7ED928848 /* DeletionToastIntegrationTests.swift in Sources */ = {isa = PBXBuildFile; fileRef = 141F170F12817A01AF02270D /* DeletionToastIntegrationTests.swift */; };
		F9B96B69F47FA26E75BDA864 /* WindowFramePersistenceTests.swift in Sources */ = {isa = PBXBuildFile; fileRef = A56653888AD5606E83BD9E4B /* WindowFramePersistenceTests.swift */; };
		FCE7F0C9A73B226FAB84762D /* AsyncFeedbackPolicyTests.swift in Sources */ = {isa = PBXBuildFile; fileRef = 8CB4A0FC3640C88E55DAA918 /* AsyncFeedbackPolicyTests.swift */; };
		FE58A224B2D2C817FF0BC524 /* AccessibilityAdaptations.swift in Sources */ = {isa = PBXBuildFile; fileRef = 2180C26B480CF6DA0F8A9E71 /* AccessibilityAdaptations.swift */; };
/* End PBXBuildFile section */

/* Begin PBXContainerItemProxy section */
		39F0C9DF8ECB8279C4064A3B /* PBXContainerItemProxy */ = {
			isa = PBXContainerItemProxy;
			containerPortal = 91582E3B08811EC7ED174249 /* Project object */;
			proxyType = 1;
			remoteGlobalIDString = 79739306D0E728206179484B;
			remoteInfo = StickyNotes;
		};
		9829695032D04E49701DFEB5 /* PBXContainerItemProxy */ = {
			isa = PBXContainerItemProxy;
			containerPortal = 91582E3B08811EC7ED174249 /* Project object */;
			proxyType = 1;
			remoteGlobalIDString = 79739306D0E728206179484B;
			remoteInfo = StickyNotes;
		};
		D699BAA83E941FE03AA59B45 /* PBXContainerItemProxy */ = {
			isa = PBXContainerItemProxy;
			containerPortal = 91582E3B08811EC7ED174249 /* Project object */;
			proxyType = 1;
			remoteGlobalIDString = 89A84E2F34A081874850520F;
			remoteInfo = WidgetExtension;
		};
/* End PBXContainerItemProxy section */

/* Begin PBXCopyFilesBuildPhase section */
		5A0A3828350ADF8CE1BC0180 /* Embed Foundation Extensions */ = {
			isa = PBXCopyFilesBuildPhase;
			buildActionMask = 2147483647;
			dstPath = "";
			dstSubfolderSpec = 13;
			files = (
				5A542D6DB14A436A04142333 /* WidgetExtension.appex in Embed Foundation Extensions */,
			);
			name = "Embed Foundation Extensions";
			runOnlyForDeploymentPostprocessing = 0;
		};
/* End PBXCopyFilesBuildPhase section */

/* Begin PBXFileReference section */
		0048A73D7254A5193FEDD794 /* Resources */ = {isa = PBXFileReference; lastKnownFileType = folder; name = Resources; path = App/Resources; sourceTree = SOURCE_ROOT; };
		057AD9F7C0E332D507AD2DF1 /* SyncSettingsView.swift */ = {isa = PBXFileReference; lastKnownFileType = sourcecode.swift; path = SyncSettingsView.swift; sourceTree = "<group>"; };
		05AAAF25EF491293349A9C20 /* NoteContextualActionsTests.swift */ = {isa = PBXFileReference; lastKnownFileType = sourcecode.swift; path = NoteContextualActionsTests.swift; sourceTree = "<group>"; };
		08026E11DFAC6864A0BE784C /* ShortcutConfigurationTests.swift */ = {isa = PBXFileReference; lastKnownFileType = sourcecode.swift; path = ShortcutConfigurationTests.swift; sourceTree = "<group>"; };
		0E5FFFDF07890FE79DF6446C /* StickyWidgetBundle.swift */ = {isa = PBXFileReference; lastKnownFileType = sourcecode.swift; path = StickyWidgetBundle.swift; sourceTree = "<group>"; };
		12EFA4FE3B28970A66644A14 /* LocalizationCompletenessTests.swift */ = {isa = PBXFileReference; lastKnownFileType = sourcecode.swift; path = LocalizationCompletenessTests.swift; sourceTree = "<group>"; };
		141F170F12817A01AF02270D /* DeletionToastIntegrationTests.swift */ = {isa = PBXFileReference; lastKnownFileType = sourcecode.swift; path = DeletionToastIntegrationTests.swift; sourceTree = "<group>"; };
		17DCD27851E847489C9BE57D /* AppEnvironment.swift */ = {isa = PBXFileReference; lastKnownFileType = sourcecode.swift; path = AppEnvironment.swift; sourceTree = "<group>"; };
		18AEBB1AF4516D9DDE0195C1 /* LibrarySheetToggleTests.swift */ = {isa = PBXFileReference; lastKnownFileType = sourcecode.swift; path = LibrarySheetToggleTests.swift; sourceTree = "<group>"; };
		1C7F5699089ED1AA9D9E8EED /* WidgetIntents.swift */ = {isa = PBXFileReference; lastKnownFileType = sourcecode.swift; path = WidgetIntents.swift; sourceTree = "<group>"; };
		2180C26B480CF6DA0F8A9E71 /* AccessibilityAdaptations.swift */ = {isa = PBXFileReference; lastKnownFileType = sourcecode.swift; path = AccessibilityAdaptations.swift; sourceTree = "<group>"; };
		224AAE3167A32C4601904E72 /* NoteCaptureIntegrationTests.swift */ = {isa = PBXFileReference; lastKnownFileType = sourcecode.swift; path = NoteCaptureIntegrationTests.swift; sourceTree = "<group>"; };
		226231C3FA8C724BB9022CDD /* TodoBlockView.swift */ = {isa = PBXFileReference; lastKnownFileType = sourcecode.swift; path = TodoBlockView.swift; sourceTree = "<group>"; };
		2353396C6B924CADCF579440 /* WidgetEligibilityUxTests.swift */ = {isa = PBXFileReference; lastKnownFileType = sourcecode.swift; path = WidgetEligibilityUxTests.swift; sourceTree = "<group>"; };
		238D8FE16B06923FB561C0B3 /* SyncCompositionTests.swift */ = {isa = PBXFileReference; lastKnownFileType = sourcecode.swift; path = SyncCompositionTests.swift; sourceTree = "<group>"; };
		2406155D3BD8C7138714D769 /* StickyCore */ = {isa = PBXFileReference; lastKnownFileType = folder; name = StickyCore; path = Packages/StickyCore; sourceTree = SOURCE_ROOT; };
		24530E2FD1D52B606C58EFAE /* RegionSelectionOverlay.swift */ = {isa = PBXFileReference; lastKnownFileType = sourcecode.swift; path = RegionSelectionOverlay.swift; sourceTree = "<group>"; };
		25EBF1C303B4EC0DBE097511 /* AppUITests.xctest */ = {isa = PBXFileReference; explicitFileType = wrapper.cfbundle; includeInIndex = 0; path = AppUITests.xctest; sourceTree = BUILT_PRODUCTS_DIR; };
		2DF0A9411C18B8244741F413 /* NoteControlsView.swift */ = {isa = PBXFileReference; lastKnownFileType = sourcecode.swift; path = NoteControlsView.swift; sourceTree = "<group>"; };
		2EF49CBCD3261EF09837E230 /* HelpView.swift */ = {isa = PBXFileReference; lastKnownFileType = sourcecode.swift; path = HelpView.swift; sourceTree = "<group>"; };
		30B531FA942D96036B11AE30 /* ScreenshotViewer.swift */ = {isa = PBXFileReference; lastKnownFileType = sourcecode.swift; path = ScreenshotViewer.swift; sourceTree = "<group>"; };
		31BD4FDBDA09E46F419BEC3C /* BlockPresentationConsistencyTests.swift */ = {isa = PBXFileReference; lastKnownFileType = sourcecode.swift; path = BlockPresentationConsistencyTests.swift; sourceTree = "<group>"; };
		36DB93B13103F25F6761C30C /* EmptyStateView.swift */ = {isa = PBXFileReference; lastKnownFileType = sourcecode.swift; path = EmptyStateView.swift; sourceTree = "<group>"; };
		3C6F668B3B850EA324CDFF14 /* WidgetNoteSelectionTests.swift */ = {isa = PBXFileReference; lastKnownFileType = sourcecode.swift; path = WidgetNoteSelectionTests.swift; sourceTree = "<group>"; };
		3DA87889F86C413D90CD9C08 /* Phase27LocalizationTests.swift */ = {isa = PBXFileReference; lastKnownFileType = sourcecode.swift; path = Phase27LocalizationTests.swift; sourceTree = "<group>"; };
		3F2B6023F64C3C95470173F7 /* HelpReachabilityTests.swift */ = {isa = PBXFileReference; lastKnownFileType = sourcecode.swift; path = HelpReachabilityTests.swift; sourceTree = "<group>"; };
		3F38759FEEB337176AB86FCD /* NoteFontResolver.swift */ = {isa = PBXFileReference; lastKnownFileType = sourcecode.swift; path = NoteFontResolver.swift; sourceTree = "<group>"; };
		406011DB5C4595F7D2AE8EE3 /* WidgetNoteSelection.swift */ = {isa = PBXFileReference; lastKnownFileType = sourcecode.swift; path = WidgetNoteSelection.swift; sourceTree = "<group>"; };
		42B4E812255A534037E87735 /* ScreenshotViewerInteractionTests.swift */ = {isa = PBXFileReference; lastKnownFileType = sourcecode.swift; path = ScreenshotViewerInteractionTests.swift; sourceTree = "<group>"; };
		47E699CFE81EE3B297E3E3A9 /* CardRenderingTests.swift */ = {isa = PBXFileReference; lastKnownFileType = sourcecode.swift; path = CardRenderingTests.swift; sourceTree = "<group>"; };
		48F7FAD50DF90DD24DBFF35A /* StickyNotes.app */ = {isa = PBXFileReference; explicitFileType = wrapper.application; includeInIndex = 0; path = StickyNotes.app; sourceTree = BUILT_PRODUCTS_DIR; };
		4BBA15701C7603BFE67E1B40 /* BlockContainer.swift */ = {isa = PBXFileReference; lastKnownFileType = sourcecode.swift; path = BlockContainer.swift; sourceTree = "<group>"; };
		50162E9CA34419A4324617FD /* EmptyLibraryView.swift */ = {isa = PBXFileReference; lastKnownFileType = sourcecode.swift; path = EmptyLibraryView.swift; sourceTree = "<group>"; };
		52436AFC7237351A381EE3FA /* RegressionTests.swift */ = {isa = PBXFileReference; lastKnownFileType = sourcecode.swift; path = RegressionTests.swift; sourceTree = "<group>"; };
		53498824F72CB453617B8546 /* NoteWindowCoordinator.swift */ = {isa = PBXFileReference; lastKnownFileType = sourcecode.swift; path = NoteWindowCoordinator.swift; sourceTree = "<group>"; };
		5843B5DCDAC79240A5B9829C /* PermissionFallbackIntegrationTests.swift */ = {isa = PBXFileReference; lastKnownFileType = sourcecode.swift; path = PermissionFallbackIntegrationTests.swift; sourceTree = "<group>"; };
		5AFF25B3629BBDAA365BA9DF /* MediaPresenters.swift */ = {isa = PBXFileReference; lastKnownFileType = sourcecode.swift; path = MediaPresenters.swift; sourceTree = "<group>"; };
		5BE71E6445CC33FAC29A0361 /* LibraryWindowPresentationTests.swift */ = {isa = PBXFileReference; lastKnownFileType = sourcecode.swift; path = LibraryWindowPresentationTests.swift; sourceTree = "<group>"; };
		5CFB590F77008376AAC261A8 /* AppDevice.swift */ = {isa = PBXFileReference; lastKnownFileType = sourcecode.swift; path = AppDevice.swift; sourceTree = "<group>"; };
		66643A2B42C3BAF1F46F53BA /* MenuBarLibraryScene.swift */ = {isa = PBXFileReference; lastKnownFileType = sourcecode.swift; path = MenuBarLibraryScene.swift; sourceTree = "<group>"; };
		66A152530F86B2F096020DF8 /* OfflineCompletenessTests.swift */ = {isa = PBXFileReference; lastKnownFileType = sourcecode.swift; path = OfflineCompletenessTests.swift; sourceTree = "<group>"; };
		671A751D4B5B0FCABB4A0182 /* EditorAppBridge.swift */ = {isa = PBXFileReference; lastKnownFileType = sourcecode.swift; path = EditorAppBridge.swift; sourceTree = "<group>"; };
		6F60C54C7398454DA1704818 /* LibraryModel.swift */ = {isa = PBXFileReference; lastKnownFileType = sourcecode.swift; path = LibraryModel.swift; sourceTree = "<group>"; };
		7179395CF3D9AC0A08605ADB /* Formatters.swift */ = {isa = PBXFileReference; lastKnownFileType = sourcecode.swift; path = Formatters.swift; sourceTree = "<group>"; };
		776309F2630239B7A7F9FC75 /* WidgetRefreshTests.swift */ = {isa = PBXFileReference; lastKnownFileType = sourcecode.swift; path = WidgetRefreshTests.swift; sourceTree = "<group>"; };
		777D3A0AC3604F09D8A0DD4F /* RichTextView.swift */ = {isa = PBXFileReference; lastKnownFileType = sourcecode.swift; path = RichTextView.swift; sourceTree = "<group>"; };
		78A4C413F0CF87AEB4BD70BD /* Info.plist */ = {isa = PBXFileReference; lastKnownFileType = text.plist; path = Info.plist; sourceTree = "<group>"; };
		78CD3DDE7950E7C9897A7354 /* ScreenshotBlockView.swift */ = {isa = PBXFileReference; lastKnownFileType = sourcecode.swift; path = ScreenshotBlockView.swift; sourceTree = "<group>"; };
		7B0561D9ACF463C89D89F9D7 /* LibrarySearchView.swift */ = {isa = PBXFileReference; lastKnownFileType = sourcecode.swift; path = LibrarySearchView.swift; sourceTree = "<group>"; };
		7E0007C0D40125E925AAE353 /* LibraryExceptionGuaranteeTests.swift */ = {isa = PBXFileReference; lastKnownFileType = sourcecode.swift; path = LibraryExceptionGuaranteeTests.swift; sourceTree = "<group>"; };
		800FB390FA5FBE03B4E109C9 /* SyncCoordinator.swift */ = {isa = PBXFileReference; lastKnownFileType = sourcecode.swift; path = SyncCoordinator.swift; sourceTree = "<group>"; };
		81900AF4BA1C9E0E2E07F08F /* EditorAppBridgeTests.swift */ = {isa = PBXFileReference; lastKnownFileType = sourcecode.swift; path = EditorAppBridgeTests.swift; sourceTree = "<group>"; };
		8370B15CA2971369F7A662EE /* ScreenshotIntegrationTests.swift */ = {isa = PBXFileReference; lastKnownFileType = sourcecode.swift; path = ScreenshotIntegrationTests.swift; sourceTree = "<group>"; };
		8CB4A0FC3640C88E55DAA918 /* AsyncFeedbackPolicyTests.swift */ = {isa = PBXFileReference; lastKnownFileType = sourcecode.swift; path = AsyncFeedbackPolicyTests.swift; sourceTree = "<group>"; };
		95A65C6ECB5EC56D74D9BFB2 /* ReadableTheme.swift */ = {isa = PBXFileReference; lastKnownFileType = sourcecode.swift; path = ReadableTheme.swift; sourceTree = "<group>"; };
		95B62B57F999AF093AA6BF85 /* WidgetSnapshots.swift */ = {isa = PBXFileReference; lastKnownFileType = sourcecode.swift; path = WidgetSnapshots.swift; sourceTree = "<group>"; };
		98BFD4394DD1905AFCE9370E /* NoteWindowHostModel.swift */ = {isa = PBXFileReference; lastKnownFileType = sourcecode.swift; path = NoteWindowHostModel.swift; sourceTree = "<group>"; };
		9F356771408B998825A69D1D /* EditorPersistenceTests.swift */ = {isa = PBXFileReference; lastKnownFileType = sourcecode.swift; path = EditorPersistenceTests.swift; sourceTree = "<group>"; };
		9F89F26E56BDECD64F1D6C47 /* LocalPreferences.swift */ = {isa = PBXFileReference; lastKnownFileType = sourcecode.swift; path = LocalPreferences.swift; sourceTree = "<group>"; };
		A52D8475D89CFC9928FB72CA /* UnifiedEmptyStateTests.swift */ = {isa = PBXFileReference; lastKnownFileType = sourcecode.swift; path = UnifiedEmptyStateTests.swift; sourceTree = "<group>"; };
		A551E45B01856B10E07279F5 /* WidgetRefreshCoordinator.swift */ = {isa = PBXFileReference; lastKnownFileType = sourcecode.swift; path = WidgetRefreshCoordinator.swift; sourceTree = "<group>"; };
		A56653888AD5606E83BD9E4B /* WindowFramePersistenceTests.swift */ = {isa = PBXFileReference; lastKnownFileType = sourcecode.swift; path = WindowFramePersistenceTests.swift; sourceTree = "<group>"; };
		A939AE5295713D9B40025718 /* AppTests.xctest */ = {isa = PBXFileReference; explicitFileType = wrapper.cfbundle; includeInIndex = 0; path = AppTests.xctest; sourceTree = BUILT_PRODUCTS_DIR; };
		AB87FC6A1C0021CB9DD4BA00 /* ScopedAccessibilityLabelsTests.swift */ = {isa = PBXFileReference; lastKnownFileType = sourcecode.swift; path = ScopedAccessibilityLabelsTests.swift; sourceTree = "<group>"; };
		AB9FE63191E1934E75111E80 /* FontPreferenceView.swift */ = {isa = PBXFileReference; lastKnownFileType = sourcecode.swift; path = FontPreferenceView.swift; sourceTree = "<group>"; };
		B2F91B1246693F0D0CE9D112 /* TodoCodeFileRefIntegrationTests.swift */ = {isa = PBXFileReference; lastKnownFileType = sourcecode.swift; path = TodoCodeFileRefIntegrationTests.swift; sourceTree = "<group>"; };
		B7739B6E2926F4062557BD94 /* FontPreferenceApplicationTests.swift */ = {isa = PBXFileReference; lastKnownFileType = sourcecode.swift; path = FontPreferenceApplicationTests.swift; sourceTree = "<group>"; };
		B989CFC1B772DCC1FD5E74F6 /* SettingsView.swift */ = {isa = PBXFileReference; lastKnownFileType = sourcecode.swift; path = SettingsView.swift; sourceTree = "<group>"; };
		BAF355B8CB6597A934B62701 /* DeepLinkRouter.swift */ = {isa = PBXFileReference; lastKnownFileType = sourcecode.swift; path = DeepLinkRouter.swift; sourceTree = "<group>"; };
		BE3B44B46FEF28A567DD2B39 /* ScreenshotCoverAndCaptureTests.swift */ = {isa = PBXFileReference; lastKnownFileType = sourcecode.swift; path = ScreenshotCoverAndCaptureTests.swift; sourceTree = "<group>"; };
		C39E7F8A3D047F54BDBAD329 /* CodeBlockView.swift */ = {isa = PBXFileReference; lastKnownFileType = sourcecode.swift; path = CodeBlockView.swift; sourceTree = "<group>"; };
		C893B99213FD87B64D1DB1E9 /* WidgetExtension.appex */ = {isa = PBXFileReference; explicitFileType = "wrapper.app-extension"; includeInIndex = 0; path = WidgetExtension.appex; sourceTree = BUILT_PRODUCTS_DIR; };
		CCF64B9C1E6F02300F0E7E7E /* FileRefIndicatorStatesTests.swift */ = {isa = PBXFileReference; lastKnownFileType = sourcecode.swift; path = FileRefIndicatorStatesTests.swift; sourceTree = "<group>"; };
		CD1ED0E86F248BE44B76466B /* NoteCardView.swift */ = {isa = PBXFileReference; lastKnownFileType = sourcecode.swift; path = NoteCardView.swift; sourceTree = "<group>"; };
		CD3C06AA55DBAE0C371AD007 /* WidgetChangeDrivenRefreshTests.swift */ = {isa = PBXFileReference; lastKnownFileType = sourcecode.swift; path = WidgetChangeDrivenRefreshTests.swift; sourceTree = "<group>"; };
		CE073F15BD216B9737F5741A /* DeletionToast.swift */ = {isa = PBXFileReference; lastKnownFileType = sourcecode.swift; path = DeletionToast.swift; sourceTree = "<group>"; };
		CE15E1F9A87293445BC594D0 /* CriticalFlowsUITests.swift */ = {isa = PBXFileReference; lastKnownFileType = sourcecode.swift; path = CriticalFlowsUITests.swift; sourceTree = "<group>"; };
		D058524C9FC6A00A4D239A21 /* AboutReachabilityIntegrationTests.swift */ = {isa = PBXFileReference; lastKnownFileType = sourcecode.swift; path = AboutReachabilityIntegrationTests.swift; sourceTree = "<group>"; };
		D1132623A93A04B27B3B53BE /* StickyNotesApp.swift */ = {isa = PBXFileReference; lastKnownFileType = sourcecode.swift; path = StickyNotesApp.swift; sourceTree = "<group>"; };
		D462CEF28D63AA9A3EF562BE /* TrashView.swift */ = {isa = PBXFileReference; lastKnownFileType = sourcecode.swift; path = TrashView.swift; sourceTree = "<group>"; };
		D50B9DD9C0B78F71D5902DF5 /* AppLogicTests.swift */ = {isa = PBXFileReference; lastKnownFileType = sourcecode.swift; path = AppLogicTests.swift; sourceTree = "<group>"; };
		D705E0B076C79908888284FD /* NoteWindowLifecycleTests.swift */ = {isa = PBXFileReference; lastKnownFileType = sourcecode.swift; path = NoteWindowLifecycleTests.swift; sourceTree = "<group>"; };
		DE3F3C44918362809DA7FF53 /* SearchWiringTests.swift */ = {isa = PBXFileReference; lastKnownFileType = sourcecode.swift; path = SearchWiringTests.swift; sourceTree = "<group>"; };
		E138C7ED3DA3A65AD093D148 /* FirstLaunchExperienceIntegrationTests.swift */ = {isa = PBXFileReference; lastKnownFileType = sourcecode.swift; path = FirstLaunchExperienceIntegrationTests.swift; sourceTree = "<group>"; };
		E33000AC29D628D639C800E6 /* AboutView.swift */ = {isa = PBXFileReference; lastKnownFileType = sourcecode.swift; path = AboutView.swift; sourceTree = "<group>"; };
		E3575671F5D9921DF5DF000F /* P1IndependenceGateTests.swift */ = {isa = PBXFileReference; lastKnownFileType = sourcecode.swift; path = P1IndependenceGateTests.swift; sourceTree = "<group>"; };
		E8ACC7F76C51993D7B944C36 /* RichTextBlockView.swift */ = {isa = PBXFileReference; lastKnownFileType = sourcecode.swift; path = RichTextBlockView.swift; sourceTree = "<group>"; };
		E9EB02FBE87122ED8B43E92B /* SyncStatusView.swift */ = {isa = PBXFileReference; lastKnownFileType = sourcecode.swift; path = SyncStatusView.swift; sourceTree = "<group>"; };
		EC3838B51142C69C678F3EF9 /* RetrievalIntegrationTests.swift */ = {isa = PBXFileReference; lastKnownFileType = sourcecode.swift; path = RetrievalIntegrationTests.swift; sourceTree = "<group>"; };
		EE37C4D28AB3CF1A90875194 /* CaptureFlow.swift */ = {isa = PBXFileReference; lastKnownFileType = sourcecode.swift; path = CaptureFlow.swift; sourceTree = "<group>"; };
		F054502E5BC18175FE4975FA /* AppearanceIntegrationTests.swift */ = {isa = PBXFileReference; lastKnownFileType = sourcecode.swift; path = AppearanceIntegrationTests.swift; sourceTree = "<group>"; };
		F1E5050C3BB8197397567185 /* FileReferenceAvailabilityTests.swift */ = {isa = PBXFileReference; lastKnownFileType = sourcecode.swift; path = FileReferenceAvailabilityTests.swift; sourceTree = "<group>"; };
		F3DC6FF3EE4BA74E8E5FDC36 /* NoteExportImport.swift */ = {isa = PBXFileReference; lastKnownFileType = sourcecode.swift; path = NoteExportImport.swift; sourceTree = "<group>"; };
		FCE29D03379F2F762EB0CB21 /* ConflictCopyView.swift */ = {isa = PBXFileReference; lastKnownFileType = sourcecode.swift; path = ConflictCopyView.swift; sourceTree = "<group>"; };
		FE3D4DFFA69E1A8E39098277 /* EditorBlockEditingTests.swift */ = {isa = PBXFileReference; lastKnownFileType = sourcecode.swift; path = EditorBlockEditingTests.swift; sourceTree = "<group>"; };
		FE9D13B120985306A3AE81FB /* GridMetricsTests.swift */ = {isa = PBXFileReference; lastKnownFileType = sourcecode.swift; path = GridMetricsTests.swift; sourceTree = "<group>"; };
/* End PBXFileReference section */

/* Begin PBXFrameworksBuildPhase section */
		31CAB7C65D9428D08CCCC2AF /* Frameworks */ = {
			isa = PBXFrameworksBuildPhase;
			buildActionMask = 2147483647;
			files = (
				291B0F0705855B01B173D037 /* Domain in Frameworks */,
				380FC9E9686FB601F597E1BF /* Persistence in Frameworks */,
				AC46B4C2E9CAE86F391FF58A /* GRDB in Frameworks */,
			);
			runOnlyForDeploymentPostprocessing = 0;
		};
		9A5CC9DBE8DF6CC9BC8C01C9 /* Frameworks */ = {
			isa = PBXFrameworksBuildPhase;
			buildActionMask = 2147483647;
			files = (
				08A3B71916C5E8ED34101E8A /* Domain in Frameworks */,
				9C73249647B466A240A45226 /* Persistence in Frameworks */,
				4712D2B8A75B68C6E3D85EBE /* EditorCore in Frameworks */,
				CEE7BEA14E640F69EDD73CCE /* AssetStore in Frameworks */,
				E339A2915C298CFB87C68161 /* SecurityCore in Frameworks */,
				2C8062C347153AF1BFB1FF83 /* SyncCore in Frameworks */,
				8CC760B620FB1E5A26F03057 /* SystemBridge in Frameworks */,
			);
			runOnlyForDeploymentPostprocessing = 0;
		};
/* End PBXFrameworksBuildPhase section */

/* Begin PBXGroup section */
		0A6D21E1D3EAAE8782853502 /* App */ = {
			isa = PBXGroup;
			children = (
				319E5F9BD2349FF28611936A /* Sources */,
				0048A73D7254A5193FEDD794 /* Resources */,
			);
			path = App;
			sourceTree = "<group>";
		};
		1313674E2EBDF931DA2E960B /* Packages */ = {
			isa = PBXGroup;
			children = (
				2406155D3BD8C7138714D769 /* StickyCore */,
			);
			path = Packages;
			sourceTree = "<group>";
		};
		1C2233A148DFC962340B1240 /* Trash */ = {
			isa = PBXGroup;
			children = (
				D462CEF28D63AA9A3EF562BE /* TrashView.swift */,
			);
			path = Trash;
			sourceTree = "<group>";
		};
		319E5F9BD2349FF28611936A /* Sources */ = {
			isa = PBXGroup;
			children = (
				41CBD951A17C7274B07F958F /* App */,
				9517157F9DC97D3A30F531D1 /* Features */,
			);
			path = Sources;
			sourceTree = "<group>";
		};
		334824774A9C96A1708D9D00 /* WidgetExtension */ = {
			isa = PBXGroup;
			children = (
				78A4C413F0CF87AEB4BD70BD /* Info.plist */,
				0E5FFFDF07890FE79DF6446C /* StickyWidgetBundle.swift */,
				1C7F5699089ED1AA9D9E8EED /* WidgetIntents.swift */,
				95B62B57F999AF093AA6BF85 /* WidgetSnapshots.swift */,
			);
			path = WidgetExtension;
			sourceTree = "<group>";
		};
		41CBD951A17C7274B07F958F /* App */ = {
			isa = PBXGroup;
			children = (
				5CFB590F77008376AAC261A8 /* AppDevice.swift */,
				17DCD27851E847489C9BE57D /* AppEnvironment.swift */,
				BAF355B8CB6597A934B62701 /* DeepLinkRouter.swift */,
				D1132623A93A04B27B3B53BE /* StickyNotesApp.swift */,
				800FB390FA5FBE03B4E109C9 /* SyncCoordinator.swift */,
				406011DB5C4595F7D2AE8EE3 /* WidgetNoteSelection.swift */,
				A551E45B01856B10E07279F5 /* WidgetRefreshCoordinator.swift */,
			);
			path = App;
			sourceTree = "<group>";
		};
		4E2B9DFAFECACE9D91CA93A4 = {
			isa = PBXGroup;
			children = (
				0A6D21E1D3EAAE8782853502 /* App */,
				90EBC5C53C7FC43E0DEF5C4D /* AppTests */,
				B4540D7405CE83EDE648DF0B /* AppUITests */,
				1313674E2EBDF931DA2E960B /* Packages */,
				334824774A9C96A1708D9D00 /* WidgetExtension */,
				FB687CFA1368E1A62656DDD1 /* Products */,
			);
			sourceTree = "<group>";
		};
		710AEEDF97528A09C359AB6D /* NoteWindow */ = {
			isa = PBXGroup;
			children = (
				2180C26B480CF6DA0F8A9E71 /* AccessibilityAdaptations.swift */,
				2DF0A9411C18B8244741F413 /* NoteControlsView.swift */,
				F3DC6FF3EE4BA74E8E5FDC36 /* NoteExportImport.swift */,
				53498824F72CB453617B8546 /* NoteWindowCoordinator.swift */,
				98BFD4394DD1905AFCE9370E /* NoteWindowHostModel.swift */,
				95A65C6ECB5EC56D74D9BFB2 /* ReadableTheme.swift */,
			);
			path = NoteWindow;
			sourceTree = "<group>";
		};
		8BB3FDE185E4E21346DAF794 /* Settings */ = {
			isa = PBXGroup;
			children = (
				AB9FE63191E1934E75111E80 /* FontPreferenceView.swift */,
				B989CFC1B772DCC1FD5E74F6 /* SettingsView.swift */,
				057AD9F7C0E332D507AD2DF1 /* SyncSettingsView.swift */,
			);
			path = Settings;
			sourceTree = "<group>";
		};
		90EBC5C53C7FC43E0DEF5C4D /* AppTests */ = {
			isa = PBXGroup;
			children = (
				D058524C9FC6A00A4D239A21 /* AboutReachabilityIntegrationTests.swift */,
				F054502E5BC18175FE4975FA /* AppearanceIntegrationTests.swift */,
				D50B9DD9C0B78F71D5902DF5 /* AppLogicTests.swift */,
				8CB4A0FC3640C88E55DAA918 /* AsyncFeedbackPolicyTests.swift */,
				31BD4FDBDA09E46F419BEC3C /* BlockPresentationConsistencyTests.swift */,
				47E699CFE81EE3B297E3E3A9 /* CardRenderingTests.swift */,
				141F170F12817A01AF02270D /* DeletionToastIntegrationTests.swift */,
				81900AF4BA1C9E0E2E07F08F /* EditorAppBridgeTests.swift */,
				FE3D4DFFA69E1A8E39098277 /* EditorBlockEditingTests.swift */,
				9F356771408B998825A69D1D /* EditorPersistenceTests.swift */,
				F1E5050C3BB8197397567185 /* FileReferenceAvailabilityTests.swift */,
				CCF64B9C1E6F02300F0E7E7E /* FileRefIndicatorStatesTests.swift */,
				E138C7ED3DA3A65AD093D148 /* FirstLaunchExperienceIntegrationTests.swift */,
				B7739B6E2926F4062557BD94 /* FontPreferenceApplicationTests.swift */,
				FE9D13B120985306A3AE81FB /* GridMetricsTests.swift */,
				3F2B6023F64C3C95470173F7 /* HelpReachabilityTests.swift */,
				7E0007C0D40125E925AAE353 /* LibraryExceptionGuaranteeTests.swift */,
				18AEBB1AF4516D9DDE0195C1 /* LibrarySheetToggleTests.swift */,
				5BE71E6445CC33FAC29A0361 /* LibraryWindowPresentationTests.swift */,
				12EFA4FE3B28970A66644A14 /* LocalizationCompletenessTests.swift */,
				224AAE3167A32C4601904E72 /* NoteCaptureIntegrationTests.swift */,
				05AAAF25EF491293349A9C20 /* NoteContextualActionsTests.swift */,
				D705E0B076C79908888284FD /* NoteWindowLifecycleTests.swift */,
				66A152530F86B2F096020DF8 /* OfflineCompletenessTests.swift */,
				E3575671F5D9921DF5DF000F /* P1IndependenceGateTests.swift */,
				5843B5DCDAC79240A5B9829C /* PermissionFallbackIntegrationTests.swift */,
				3DA87889F86C413D90CD9C08 /* Phase27LocalizationTests.swift */,
				52436AFC7237351A381EE3FA /* RegressionTests.swift */,
				EC3838B51142C69C678F3EF9 /* RetrievalIntegrationTests.swift */,
				AB87FC6A1C0021CB9DD4BA00 /* ScopedAccessibilityLabelsTests.swift */,
				BE3B44B46FEF28A567DD2B39 /* ScreenshotCoverAndCaptureTests.swift */,
				8370B15CA2971369F7A662EE /* ScreenshotIntegrationTests.swift */,
				42B4E812255A534037E87735 /* ScreenshotViewerInteractionTests.swift */,
				DE3F3C44918362809DA7FF53 /* SearchWiringTests.swift */,
				08026E11DFAC6864A0BE784C /* ShortcutConfigurationTests.swift */,
				238D8FE16B06923FB561C0B3 /* SyncCompositionTests.swift */,
				B2F91B1246693F0D0CE9D112 /* TodoCodeFileRefIntegrationTests.swift */,
				A52D8475D89CFC9928FB72CA /* UnifiedEmptyStateTests.swift */,
				CD3C06AA55DBAE0C371AD007 /* WidgetChangeDrivenRefreshTests.swift */,
				2353396C6B924CADCF579440 /* WidgetEligibilityUxTests.swift */,
				3C6F668B3B850EA324CDFF14 /* WidgetNoteSelectionTests.swift */,
				776309F2630239B7A7F9FC75 /* WidgetRefreshTests.swift */,
				A56653888AD5606E83BD9E4B /* WindowFramePersistenceTests.swift */,
			);
			path = AppTests;
			sourceTree = "<group>";
		};
		9517157F9DC97D3A30F531D1 /* Features */ = {
			isa = PBXGroup;
			children = (
				D8CF1C93A9CA754AF6D7CA2E /* About */,
				D149FE6F44065BCF374A9562 /* Capture */,
				FBEA17CD73C77384F18558D9 /* Editor */,
				A4187E211DCB281458FA409B /* Library */,
				710AEEDF97528A09C359AB6D /* NoteWindow */,
				8BB3FDE185E4E21346DAF794 /* Settings */,
				DC2A76D5B9FF52091769FAD4 /* Shared */,
				1C2233A148DFC962340B1240 /* Trash */,
			);
			path = Features;
			sourceTree = "<group>";
		};
		A4187E211DCB281458FA409B /* Library */ = {
			isa = PBXGroup;
			children = (
				FCE29D03379F2F762EB0CB21 /* ConflictCopyView.swift */,
				50162E9CA34419A4324617FD /* EmptyLibraryView.swift */,
				6F60C54C7398454DA1704818 /* LibraryModel.swift */,
				7B0561D9ACF463C89D89F9D7 /* LibrarySearchView.swift */,
				9F89F26E56BDECD64F1D6C47 /* LocalPreferences.swift */,
				66643A2B42C3BAF1F46F53BA /* MenuBarLibraryScene.swift */,
				CD1ED0E86F248BE44B76466B /* NoteCardView.swift */,
				E9EB02FBE87122ED8B43E92B /* SyncStatusView.swift */,
			);
			path = Library;
			sourceTree = "<group>";
		};
		B4540D7405CE83EDE648DF0B /* AppUITests */ = {
			isa = PBXGroup;
			children = (
				CE15E1F9A87293445BC594D0 /* CriticalFlowsUITests.swift */,
			);
			path = AppUITests;
			sourceTree = "<group>";
		};
		D149FE6F44065BCF374A9562 /* Capture */ = {
			isa = PBXGroup;
			children = (
				EE37C4D28AB3CF1A90875194 /* CaptureFlow.swift */,
				5AFF25B3629BBDAA365BA9DF /* MediaPresenters.swift */,
				24530E2FD1D52B606C58EFAE /* RegionSelectionOverlay.swift */,
				30B531FA942D96036B11AE30 /* ScreenshotViewer.swift */,
			);
			path = Capture;
			sourceTree = "<group>";
		};
		D8CF1C93A9CA754AF6D7CA2E /* About */ = {
			isa = PBXGroup;
			children = (
				E33000AC29D628D639C800E6 /* AboutView.swift */,
				2EF49CBCD3261EF09837E230 /* HelpView.swift */,
			);
			path = About;
			sourceTree = "<group>";
		};
		DC2A76D5B9FF52091769FAD4 /* Shared */ = {
			isa = PBXGroup;
			children = (
				CE073F15BD216B9737F5741A /* DeletionToast.swift */,
				36DB93B13103F25F6761C30C /* EmptyStateView.swift */,
				7179395CF3D9AC0A08605ADB /* Formatters.swift */,
			);
			path = Shared;
			sourceTree = "<group>";
		};
		FB687CFA1368E1A62656DDD1 /* Products */ = {
			isa = PBXGroup;
			children = (
				A939AE5295713D9B40025718 /* AppTests.xctest */,
				25EBF1C303B4EC0DBE097511 /* AppUITests.xctest */,
				48F7FAD50DF90DD24DBFF35A /* StickyNotes.app */,
				C893B99213FD87B64D1DB1E9 /* WidgetExtension.appex */,
			);
			name = Products;
			sourceTree = "<group>";
		};
		FBEA17CD73C77384F18558D9 /* Editor */ = {
			isa = PBXGroup;
			children = (
				4BBA15701C7603BFE67E1B40 /* BlockContainer.swift */,
				C39E7F8A3D047F54BDBAD329 /* CodeBlockView.swift */,
				671A751D4B5B0FCABB4A0182 /* EditorAppBridge.swift */,
				3F38759FEEB337176AB86FCD /* NoteFontResolver.swift */,
				E8ACC7F76C51993D7B944C36 /* RichTextBlockView.swift */,
				777D3A0AC3604F09D8A0DD4F /* RichTextView.swift */,
				78CD3DDE7950E7C9897A7354 /* ScreenshotBlockView.swift */,
				226231C3FA8C724BB9022CDD /* TodoBlockView.swift */,
			);
			path = Editor;
			sourceTree = "<group>";
		};
/* End PBXGroup section */

/* Begin PBXNativeTarget section */
		42D00892214D497762E443B7 /* AppUITests */ = {
			isa = PBXNativeTarget;
			buildConfigurationList = 05D154710B9776E968032CCD /* Build configuration list for PBXNativeTarget "AppUITests" */;
			buildPhases = (
				0D3D04B21C050862A04A04D3 /* Sources */,
			);
			buildRules = (
			);
			dependencies = (
				F6D75B224BD1ABAD7662B8FC /* PBXTargetDependency */,
			);
			name = AppUITests;
			packageProductDependencies = (
			);
			productName = AppUITests;
			productReference = 25EBF1C303B4EC0DBE097511 /* AppUITests.xctest */;
			productType = "com.apple.product-type.bundle.ui-testing";
		};
		6D16123B7F27A28BFA2DB9E2 /* AppTests */ = {
			isa = PBXNativeTarget;
			buildConfigurationList = C316B0AFADC582A9D88D87AC /* Build configuration list for PBXNativeTarget "AppTests" */;
			buildPhases = (
				317C20EAA41B9146EEB12B9F /* Sources */,
			);
			buildRules = (
			);
			dependencies = (
				208B5F7C95E524C074BFEA21 /* PBXTargetDependency */,
				7C31425EBA1B9D2B171A038D /* PBXTargetDependency */,
				BEAF6103BFDCA24A3D04399C /* PBXTargetDependency */,
				E955A8F681F660898712CB65 /* PBXTargetDependency */,
				023059DFD5F7CABCA47FBFA2 /* PBXTargetDependency */,
				2CCA10F60EAE0ABC186D9562 /* PBXTargetDependency */,
			);
			name = AppTests;
			packageProductDependencies = (
			);
			productName = AppTests;
			productReference = A939AE5295713D9B40025718 /* AppTests.xctest */;
			productType = "com.apple.product-type.bundle.unit-test";
		};
		79739306D0E728206179484B /* StickyNotes */ = {
			isa = PBXNativeTarget;
			buildConfigurationList = 1F2AE3FDAE09C2D4C2E2A8A3 /* Build configuration list for PBXNativeTarget "StickyNotes" */;
			buildPhases = (
				BBA6F222D23D65B6E6716F15 /* Sources */,
				242B4ECB1BB66A8B84364940 /* Resources */,
				9A5CC9DBE8DF6CC9BC8C01C9 /* Frameworks */,
				5A0A3828350ADF8CE1BC0180 /* Embed Foundation Extensions */,
			);
			buildRules = (
			);
			dependencies = (
				46F33D36B2BAC3740EE896F7 /* PBXTargetDependency */,
			);
			name = StickyNotes;
			packageProductDependencies = (
				0E924C867EAA12FBA94B943D /* Domain */,
				BB1B7579CFA6433AA1BFD527 /* Persistence */,
				B3648445B9C8B8BAB042421A /* EditorCore */,
				6FFFFB09E504973F99ADC646 /* AssetStore */,
				A5139BD372DFB1A4199024BE /* SecurityCore */,
				33ACDE522DDC6C590228CA92 /* SyncCore */,
				F5142B2FF36510477A5F737C /* SystemBridge */,
			);
			productName = StickyNotes;
			productReference = 48F7FAD50DF90DD24DBFF35A /* StickyNotes.app */;
			productType = "com.apple.product-type.application";
		};
		89A84E2F34A081874850520F /* WidgetExtension */ = {
			isa = PBXNativeTarget;
			buildConfigurationList = 8585E4A56289BB45D79A80B1 /* Build configuration list for PBXNativeTarget "WidgetExtension" */;
			buildPhases = (
				C05385DC0A78C9835AAF3757 /* Sources */,
				31CAB7C65D9428D08CCCC2AF /* Frameworks */,
			);
			buildRules = (
			);
			dependencies = (
			);
			name = WidgetExtension;
			packageProductDependencies = (
				F70C2DB4F125716B9C4A4E22 /* Domain */,
				685DD79A896646A6A66AF18F /* Persistence */,
				909C861577CB828CAC56F732 /* GRDB */,
			);
			productName = WidgetExtension;
			productReference = C893B99213FD87B64D1DB1E9 /* WidgetExtension.appex */;
			productType = "com.apple.product-type.app-extension";
		};
/* End PBXNativeTarget section */

/* Begin PBXProject section */
		91582E3B08811EC7ED174249 /* Project object */ = {
			isa = PBXProject;
			attributes = {
				BuildIndependentTargetsInParallel = YES;
				LastUpgradeCheck = 1430;
				TargetAttributes = {
					42D00892214D497762E443B7 = {
						DevelopmentTeam = "";
						TestTargetID = 79739306D0E728206179484B;
					};
					6D16123B7F27A28BFA2DB9E2 = {
						DevelopmentTeam = "";
					};
					79739306D0E728206179484B = {
						DevelopmentTeam = "";
					};
					89A84E2F34A081874850520F = {
						DevelopmentTeam = "";
					};
				};
			};
			buildConfigurationList = 0C84412A9808554CA465B0EA /* Build configuration list for PBXProject "StickyNotes" */;
			developmentRegion = en;
			hasScannedForEncodings = 0;
			knownRegions = (
				Base,
				en,
			);
			mainGroup = 4E2B9DFAFECACE9D91CA93A4;
			minimizedProjectReferenceProxies = 1;
			packageReferences = (
				0A7913A0291CE7CDB8AEF30F /* XCRemoteSwiftPackageReference "GRDB.swift" */,
				C8E97FDB01B935069ABAECC9 /* XCLocalSwiftPackageReference "Packages/StickyCore" */,
			);
			preferredProjectObjectVersion = 77;
			productRefGroup = FB687CFA1368E1A62656DDD1 /* Products */;
			projectDirPath = "";
			projectRoot = "";
			targets = (
				79739306D0E728206179484B /* StickyNotes */,
				89A84E2F34A081874850520F /* WidgetExtension */,
				6D16123B7F27A28BFA2DB9E2 /* AppTests */,
				42D00892214D497762E443B7 /* AppUITests */,
			);
		};
/* End PBXProject section */

/* Begin PBXResourcesBuildPhase section */
		242B4ECB1BB66A8B84364940 /* Resources */ = {
			isa = PBXResourcesBuildPhase;
			buildActionMask = 2147483647;
			files = (
				6B4F015BE64A56552DE4B125 /* Resources in Resources */,
			);
			runOnlyForDeploymentPostprocessing = 0;
		};
/* End PBXResourcesBuildPhase section */

/* Begin PBXSourcesBuildPhase section */
		0D3D04B21C050862A04A04D3 /* Sources */ = {
			isa = PBXSourcesBuildPhase;
			buildActionMask = 2147483647;
			files = (
				B96E5AEF4EF8FEE1AC7414CD /* CriticalFlowsUITests.swift in Sources */,
			);
			runOnlyForDeploymentPostprocessing = 0;
		};
		317C20EAA41B9146EEB12B9F /* Sources */ = {
			isa = PBXSourcesBuildPhase;
			buildActionMask = 2147483647;
			files = (
				742DF23738444198A5DF7D99 /* AboutReachabilityIntegrationTests.swift in Sources */,
				BBF10666863E7993C3E88196 /* AppLogicTests.swift in Sources */,
				49BDD42BF12571FB40906CCC /* AppearanceIntegrationTests.swift in Sources */,
				FCE7F0C9A73B226FAB84762D /* AsyncFeedbackPolicyTests.swift in Sources */,
				87909407E1978C0664C620A2 /* BlockPresentationConsistencyTests.swift in Sources */,
				408D2781799D8AC345273895 /* CardRenderingTests.swift in Sources */,
				F8E8B31BD47D94D7ED928848 /* DeletionToastIntegrationTests.swift in Sources */,
				11DC1A682CC5FF585D18DA34 /* EditorAppBridgeTests.swift in Sources */,
				9D9C3EE383A52652CF2D104A /* EditorBlockEditingTests.swift in Sources */,
				8B5793F2AA7A4333E3C84B4E /* EditorPersistenceTests.swift in Sources */,
				6CCA2617D5F0A95FC3FE49C6 /* FileRefIndicatorStatesTests.swift in Sources */,
				4AA5B7B2F5B3EA0E5FBD4E93 /* FileReferenceAvailabilityTests.swift in Sources */,
				BC7415B322EA55D0FC4A3CD8 /* FirstLaunchExperienceIntegrationTests.swift in Sources */,
				C2FBF45CE33EF66FF3EE1E2B /* FontPreferenceApplicationTests.swift in Sources */,
				C4AE6166F11C3E93D2A7CE92 /* GridMetricsTests.swift in Sources */,
				C9C6A9FED10802B7B5BA866E /* HelpReachabilityTests.swift in Sources */,
				393340908103F54F384F5BB3 /* LibraryExceptionGuaranteeTests.swift in Sources */,
				B1891C7992D03F59FF289AF0 /* LibrarySheetToggleTests.swift in Sources */,
				96B058C64E079C458037C1DE /* LibraryWindowPresentationTests.swift in Sources */,
				6EB06BDE8A3530AF0F49B416 /* LocalizationCompletenessTests.swift in Sources */,
				898D62ACC007FB1FC1C2EAC0 /* NoteCaptureIntegrationTests.swift in Sources */,
				85E030AF6A45FECA80A2BBC5 /* NoteContextualActionsTests.swift in Sources */,
				59A1FB8448C5BD22E3A906F9 /* NoteWindowLifecycleTests.swift in Sources */,
				0253C53A6A5428DFEFE7807A /* OfflineCompletenessTests.swift in Sources */,
				691913C0006A8A0D03252E74 /* P1IndependenceGateTests.swift in Sources */,
				AC6DE148D104D58C8295A1F8 /* PermissionFallbackIntegrationTests.swift in Sources */,
				C58CEE35B4750F2C02DA33E6 /* Phase27LocalizationTests.swift in Sources */,
				8BA6426A012A3D4AAF1A0142 /* RegressionTests.swift in Sources */,
				82FD972B563FF188684B1988 /* RetrievalIntegrationTests.swift in Sources */,
				3DF56F717FB3BB7B4782D7EB /* ScopedAccessibilityLabelsTests.swift in Sources */,
				5002A19BF8634AA2636408C0 /* ScreenshotCoverAndCaptureTests.swift in Sources */,
				F86D046AADCD5185F2A1942C /* ScreenshotIntegrationTests.swift in Sources */,
				6CD9CDDE1A3648411FAB1B89 /* ScreenshotViewerInteractionTests.swift in Sources */,
				A4A09BC252B59CAEBEED7B19 /* SearchWiringTests.swift in Sources */,
				B85F4D38B3E055CD96CED96E /* ShortcutConfigurationTests.swift in Sources */,
				5DAE9DB23601424BB994A099 /* SyncCompositionTests.swift in Sources */,
				56396920CCEA9E178A872C31 /* TodoCodeFileRefIntegrationTests.swift in Sources */,
				81853A5067A28FA2E2E3985B /* UnifiedEmptyStateTests.swift in Sources */,
				DA8F2B70D018524A6CFAB3F5 /* WidgetChangeDrivenRefreshTests.swift in Sources */,
				F04FF4A1B5B21B168D7EB43B /* WidgetEligibilityUxTests.swift in Sources */,
				336ED45EBFA8F35370EC0884 /* WidgetNoteSelectionTests.swift in Sources */,
				1EBD47DAC11CAEB856B68FF8 /* WidgetRefreshTests.swift in Sources */,
				F9B96B69F47FA26E75BDA864 /* WindowFramePersistenceTests.swift in Sources */,
			);
			runOnlyForDeploymentPostprocessing = 0;
		};
		BBA6F222D23D65B6E6716F15 /* Sources */ = {
			isa = PBXSourcesBuildPhase;
			buildActionMask = 2147483647;
			files = (
				1F661C36D12110C35C9C2A47 /* AboutView.swift in Sources */,
				FE58A224B2D2C817FF0BC524 /* AccessibilityAdaptations.swift in Sources */,
				06BF047951390D783CFA3F3D /* AppDevice.swift in Sources */,
				B4FCBD5655604D9F38D45948 /* AppEnvironment.swift in Sources */,
				8F01C6BB4D0D84C589D35106 /* BlockContainer.swift in Sources */,
				BB7588FFD7FC25FB76FE07CF /* CaptureFlow.swift in Sources */,
				D8DE28ACDB24B95062089D63 /* CodeBlockView.swift in Sources */,
				C7358CEC457FB7145EBF8AF3 /* ConflictCopyView.swift in Sources */,
				5B90F13494432CA427DDB53B /* DeepLinkRouter.swift in Sources */,
				23E3D44D50AC0C249934FA34 /* DeletionToast.swift in Sources */,
				68DD8C3272E9438016B03193 /* EditorAppBridge.swift in Sources */,
				746FC7C8CBCAD623A384C37C /* EmptyLibraryView.swift in Sources */,
				3805242A29627DCA6D9A1327 /* EmptyStateView.swift in Sources */,
				8855C12F43F61EE747D1555E /* FontPreferenceView.swift in Sources */,
				62C5A2B95A77F6D5B72DDE42 /* Formatters.swift in Sources */,
				393D73C0A13E0E8514A0F2A0 /* HelpView.swift in Sources */,
				AA8C5D14CDB414560984BEE6 /* LibraryModel.swift in Sources */,
				7E1EA87F46301D09B17960E5 /* LibrarySearchView.swift in Sources */,
				C0D003C209E058943589532B /* LocalPreferences.swift in Sources */,
				EDD2C039B7388674904D1252 /* MediaPresenters.swift in Sources */,
				2C3658C2C28C3D6893C7F81A /* MenuBarLibraryScene.swift in Sources */,
				2999D1FE8E80C36871A91517 /* NoteCardView.swift in Sources */,
				55F971594E6C89985CF4D904 /* NoteControlsView.swift in Sources */,
				BC9DAD4F46A3BEB820BF1F14 /* NoteExportImport.swift in Sources */,
				65AE4E6A775B7B08C9809128 /* NoteFontResolver.swift in Sources */,
				D34E52F7096311B33CE7D827 /* NoteWindowCoordinator.swift in Sources */,
				F08D2F849D2EE72ACE3DD013 /* NoteWindowHostModel.swift in Sources */,
				7C9122123385CD9B567836BB /* ReadableTheme.swift in Sources */,
				EC7AC7CFC75FB2781519FD36 /* RegionSelectionOverlay.swift in Sources */,
				8D662356BD2A6817EA77998A /* RichTextBlockView.swift in Sources */,
				070309D43C0778D100147E4A /* RichTextView.swift in Sources */,
				B2E24EF4CDD2A2C3561F71BF /* ScreenshotBlockView.swift in Sources */,
				02CAAD5AA98EC60B5D30BC25 /* ScreenshotViewer.swift in Sources */,
				01F69423C2CB3F77ACBA69DA /* SettingsView.swift in Sources */,
				C12E94117D70DE456E689026 /* StickyNotesApp.swift in Sources */,
				C1C124384B0669BA0D890323 /* SyncCoordinator.swift in Sources */,
				A25FB7594866517CD734E454 /* SyncSettingsView.swift in Sources */,
				4748DEF9C44AA26C43283ADC /* SyncStatusView.swift in Sources */,
				BEC5E311BB2EF4FE6D9585F7 /* TodoBlockView.swift in Sources */,
				80F60F8A48F740237EBB73A0 /* TrashView.swift in Sources */,
				0FE22F522FE667457392952C /* WidgetNoteSelection.swift in Sources */,
				1543CC1D86E9D4EACA48829F /* WidgetRefreshCoordinator.swift in Sources */,
			);
			runOnlyForDeploymentPostprocessing = 0;
		};
		C05385DC0A78C9835AAF3757 /* Sources */ = {
			isa = PBXSourcesBuildPhase;
			buildActionMask = 2147483647;
			files = (
				C0F475CAA4F650090DCD6BA4 /* StickyWidgetBundle.swift in Sources */,
				996582B853A616E6F2E89A24 /* WidgetIntents.swift in Sources */,
				84D136E188C92D4C1CA034B0 /* WidgetSnapshots.swift in Sources */,
			);
			runOnlyForDeploymentPostprocessing = 0;
		};
/* End PBXSourcesBuildPhase section */

/* Begin PBXTargetDependency section */
		023059DFD5F7CABCA47FBFA2 /* PBXTargetDependency */ = {
			isa = PBXTargetDependency;
			productRef = "TEMP_9342D52E-0A91-485A-8881-C471E06270F2" /* SystemBridge */;
		};
		208B5F7C95E524C074BFEA21 /* PBXTargetDependency */ = {
			isa = PBXTargetDependency;
			target = 79739306D0E728206179484B /* StickyNotes */;
			targetProxy = 9829695032D04E49701DFEB5 /* PBXContainerItemProxy */;
		};
		2CCA10F60EAE0ABC186D9562 /* PBXTargetDependency */ = {
			isa = PBXTargetDependency;
			productRef = "TEMP_28312C4A-EF78-4E8C-8781-5F076A3385D3" /* GRDB */;
		};
		46F33D36B2BAC3740EE896F7 /* PBXTargetDependency */ = {
			isa = PBXTargetDependency;
			target = 89A84E2F34A081874850520F /* WidgetExtension */;
			targetProxy = D699BAA83E941FE03AA59B45 /* PBXContainerItemProxy */;
		};
		7C31425EBA1B9D2B171A038D /* PBXTargetDependency */ = {
			isa = PBXTargetDependency;
			productRef = "TEMP_98EC318B-A4F0-478B-A0F2-C0C9EF0312B0" /* Domain */;
		};
		BEAF6103BFDCA24A3D04399C /* PBXTargetDependency */ = {
			isa = PBXTargetDependency;
			productRef = "TEMP_39B2D965-2585-40FE-89AB-120152BC19D6" /* Persistence */;
		};
		E955A8F681F660898712CB65 /* PBXTargetDependency */ = {
			isa = PBXTargetDependency;
			productRef = "TEMP_E7753281-A52F-40B9-A47D-51B5EBA8E4EB" /* EditorCore */;
		};
		F6D75B224BD1ABAD7662B8FC /* PBXTargetDependency */ = {
			isa = PBXTargetDependency;
			target = 79739306D0E728206179484B /* StickyNotes */;
			targetProxy = 39F0C9DF8ECB8279C4064A3B /* PBXContainerItemProxy */;
		};
/* End PBXTargetDependency section */

/* Begin XCBuildConfiguration section */
		0C2CCF13599AF7209D220E0D /* Debug */ = {
			isa = XCBuildConfiguration;
			buildSettings = {
				CODE_SIGN_ENTITLEMENTS = WidgetExtension/WidgetExtension.entitlements;
				COMBINE_HIDPI_IMAGES = YES;
				INFOPLIST_FILE = WidgetExtension/Info.plist;
				INFOPLIST_KEY_CFBundleDisplayName = "Sticky Notes Widget";
				LD_RUNPATH_SEARCH_PATHS = (
					"$(inherited)",
					"@executable_path/../Frameworks",
					"@executable_path/../../../../Frameworks",
				);
				MACOSX_DEPLOYMENT_TARGET = 26.0;
				PRODUCT_BUNDLE_IDENTIFIER = local.stickynotes.app.widget;
				PRODUCT_NAME = StickyNotesWidget;
				SDKROOT = macosx;
				SKIP_INSTALL = YES;
			};
			name = Debug;
		};
		1B80FDFB6344E1C29C6BD576 /* Release */ = {
			isa = XCBuildConfiguration;
			buildSettings = {
				ASSETCATALOG_COMPILER_APPICON_NAME = AppIcon;
				CODE_SIGN_ENTITLEMENTS = App/Resources/StickyNotes.entitlements;
				COMBINE_HIDPI_IMAGES = YES;
				ENABLE_PREVIEWS = YES;
				INFOPLIST_FILE = App/Resources/Info.plist;
				INFOPLIST_KEY_CFBundleDisplayName = "Sticky Notes";
				INFOPLIST_KEY_LSMinimumSystemVersion = "$(MACOSX_DEPLOYMENT_TARGET)";
				INFOPLIST_KEY_LSUIElement = YES;
				LD_RUNPATH_SEARCH_PATHS = (
					"$(inherited)",
					"@executable_path/../Frameworks",
				);
				MACOSX_DEPLOYMENT_TARGET = 26.0;
				PRODUCT_BUNDLE_IDENTIFIER = local.stickynotes.app;
				PRODUCT_NAME = StickyNotes;
				SDKROOT = macosx;
			};
			name = Release;
		};
		2405E397827F72E575CA13E0 /* Release */ = {
			isa = XCBuildConfiguration;
			buildSettings = {
				ALWAYS_SEARCH_USER_PATHS = NO;
				APP_GROUP_ID = group.local.stickynotes.placeholder;
				CLANG_ANALYZER_NONNULL = YES;
				CLANG_ANALYZER_NUMBER_OBJECT_CONVERSION = YES_AGGRESSIVE;
				CLANG_CXX_LANGUAGE_STANDARD = "gnu++14";
				CLANG_CXX_LIBRARY = "libc++";
				CLANG_ENABLE_MODULES = YES;
				CLANG_ENABLE_OBJC_ARC = YES;
				CLANG_ENABLE_OBJC_WEAK = YES;
				CLANG_WARN_BLOCK_CAPTURE_AUTORELEASING = YES;
				CLANG_WARN_BOOL_CONVERSION = YES;
				CLANG_WARN_COMMA = YES;
				CLANG_WARN_CONSTANT_CONVERSION = YES;
				CLANG_WARN_DEPRECATED_OBJC_IMPLEMENTATIONS = YES;
				CLANG_WARN_DIRECT_OBJC_ISA_USAGE = YES_ERROR;
				CLANG_WARN_DOCUMENTATION_COMMENTS = YES;
				CLANG_WARN_EMPTY_BODY = YES;
				CLANG_WARN_ENUM_CONVERSION = YES;
				CLANG_WARN_INFINITE_RECURSION = YES;
				CLANG_WARN_INT_CONVERSION = YES;
				CLANG_WARN_NON_LITERAL_NULL_CONVERSION = YES;
				CLANG_WARN_OBJC_IMPLICIT_RETAIN_SELF = YES;
				CLANG_WARN_OBJC_LITERAL_CONVERSION = YES;
				CLANG_WARN_OBJC_ROOT_CLASS = YES_ERROR;
				CLANG_WARN_QUOTED_INCLUDE_IN_FRAMEWORK_HEADER = YES;
				CLANG_WARN_RANGE_LOOP_ANALYSIS = YES;
				CLANG_WARN_STRICT_PROTOTYPES = YES;
				CLANG_WARN_SUSPICIOUS_MOVE = YES;
				CLANG_WARN_UNGUARDED_AVAILABILITY = YES_AGGRESSIVE;
				CLANG_WARN_UNREACHABLE_CODE = YES;
				CLANG_WARN__DUPLICATE_METHOD_MATCH = YES;
				CODE_SIGNING_ALLOWED = NO;
				CODE_SIGNING_REQUIRED = NO;
				CODE_SIGN_IDENTITY = "";
				COPY_PHASE_STRIP = NO;
				DEBUG_INFORMATION_FORMAT = "dwarf-with-dsym";
				DEVELOPMENT_TEAM = "";
				ENABLE_HARDENED_RUNTIME = YES;
				ENABLE_NS_ASSERTIONS = NO;
				ENABLE_STRICT_OBJC_MSGSEND = YES;
				GCC_C_LANGUAGE_STANDARD = gnu11;
				GCC_NO_COMMON_BLOCKS = YES;
				GCC_TREAT_WARNINGS_AS_ERRORS = YES;
				GCC_WARN_64_TO_32_BIT_CONVERSION = YES;
				GCC_WARN_ABOUT_RETURN_TYPE = YES_ERROR;
				GCC_WARN_UNDECLARED_SELECTOR = YES;
				GCC_WARN_UNINITIALIZED_AUTOS = YES_AGGRESSIVE;
				GCC_WARN_UNUSED_FUNCTION = YES;
				GCC_WARN_UNUSED_VARIABLE = YES;
				MACOSX_DEPLOYMENT_TARGET = 26.0;
				MTL_ENABLE_DEBUG_INFO = NO;
				MTL_FAST_MATH = YES;
				PRODUCT_NAME = "$(TARGET_NAME)";
				SDKROOT = macosx;
				SWIFT_COMPILATION_MODE = wholemodule;
				SWIFT_OPTIMIZATION_LEVEL = "-O";
				SWIFT_STRICT_CONCURRENCY = complete;
				SWIFT_TREAT_WARNINGS_AS_ERRORS = YES;
				SWIFT_VERSION = 6.0;
			};
			name = Release;
		};
		421687E434DC89975A82ED91 /* Debug */ = {
			isa = XCBuildConfiguration;
			buildSettings = {
				ASSETCATALOG_COMPILER_APPICON_NAME = AppIcon;
				CODE_SIGN_ENTITLEMENTS = App/Resources/StickyNotes.entitlements;
				COMBINE_HIDPI_IMAGES = YES;
				ENABLE_PREVIEWS = YES;
				INFOPLIST_FILE = App/Resources/Info.plist;
				INFOPLIST_KEY_CFBundleDisplayName = "Sticky Notes";
				INFOPLIST_KEY_LSMinimumSystemVersion = "$(MACOSX_DEPLOYMENT_TARGET)";
				INFOPLIST_KEY_LSUIElement = YES;
				LD_RUNPATH_SEARCH_PATHS = (
					"$(inherited)",
					"@executable_path/../Frameworks",
				);
				MACOSX_DEPLOYMENT_TARGET = 26.0;
				PRODUCT_BUNDLE_IDENTIFIER = local.stickynotes.app;
				PRODUCT_NAME = StickyNotes;
				SDKROOT = macosx;
			};
			name = Debug;
		};
		4F46AC4611D5C389471FD1FD /* Debug */ = {
			isa = XCBuildConfiguration;
			buildSettings = {
				ALWAYS_SEARCH_USER_PATHS = NO;
				APP_GROUP_ID = group.local.stickynotes.placeholder;
				CLANG_ANALYZER_NONNULL = YES;
				CLANG_ANALYZER_NUMBER_OBJECT_CONVERSION = YES_AGGRESSIVE;
				CLANG_CXX_LANGUAGE_STANDARD = "gnu++14";
				CLANG_CXX_LIBRARY = "libc++";
				CLANG_ENABLE_MODULES = YES;
				CLANG_ENABLE_OBJC_ARC = YES;
				CLANG_ENABLE_OBJC_WEAK = YES;
				CLANG_WARN_BLOCK_CAPTURE_AUTORELEASING = YES;
				CLANG_WARN_BOOL_CONVERSION = YES;
				CLANG_WARN_COMMA = YES;
				CLANG_WARN_CONSTANT_CONVERSION = YES;
				CLANG_WARN_DEPRECATED_OBJC_IMPLEMENTATIONS = YES;
				CLANG_WARN_DIRECT_OBJC_ISA_USAGE = YES_ERROR;
				CLANG_WARN_DOCUMENTATION_COMMENTS = YES;
				CLANG_WARN_EMPTY_BODY = YES;
				CLANG_WARN_ENUM_CONVERSION = YES;
				CLANG_WARN_INFINITE_RECURSION = YES;
				CLANG_WARN_INT_CONVERSION = YES;
				CLANG_WARN_NON_LITERAL_NULL_CONVERSION = YES;
				CLANG_WARN_OBJC_IMPLICIT_RETAIN_SELF = YES;
				CLANG_WARN_OBJC_LITERAL_CONVERSION = YES;
				CLANG_WARN_OBJC_ROOT_CLASS = YES_ERROR;
				CLANG_WARN_QUOTED_INCLUDE_IN_FRAMEWORK_HEADER = YES;
				CLANG_WARN_RANGE_LOOP_ANALYSIS = YES;
				CLANG_WARN_STRICT_PROTOTYPES = YES;
				CLANG_WARN_SUSPICIOUS_MOVE = YES;
				CLANG_WARN_UNGUARDED_AVAILABILITY = YES_AGGRESSIVE;
				CLANG_WARN_UNREACHABLE_CODE = YES;
				CLANG_WARN__DUPLICATE_METHOD_MATCH = YES;
				CODE_SIGNING_ALLOWED = NO;
				CODE_SIGNING_REQUIRED = NO;
				CODE_SIGN_IDENTITY = "";
				COPY_PHASE_STRIP = NO;
				DEBUG_INFORMATION_FORMAT = dwarf;
				DEVELOPMENT_TEAM = "";
				ENABLE_HARDENED_RUNTIME = YES;
				ENABLE_STRICT_OBJC_MSGSEND = YES;
				ENABLE_TESTABILITY = YES;
				GCC_C_LANGUAGE_STANDARD = gnu11;
				GCC_DYNAMIC_NO_PIC = NO;
				GCC_NO_COMMON_BLOCKS = YES;
				GCC_OPTIMIZATION_LEVEL = 0;
				GCC_PREPROCESSOR_DEFINITIONS = (
					"$(inherited)",
					"DEBUG=1",
				);
				GCC_TREAT_WARNINGS_AS_ERRORS = YES;
				GCC_WARN_64_TO_32_BIT_CONVERSION = YES;
				GCC_WARN_ABOUT_RETURN_TYPE = YES_ERROR;
				GCC_WARN_UNDECLARED_SELECTOR = YES;
				GCC_WARN_UNINITIALIZED_AUTOS = YES_AGGRESSIVE;
				GCC_WARN_UNUSED_FUNCTION = YES;
				GCC_WARN_UNUSED_VARIABLE = YES;
				MACOSX_DEPLOYMENT_TARGET = 26.0;
				MTL_ENABLE_DEBUG_INFO = INCLUDE_SOURCE;
				MTL_FAST_MATH = YES;
				ONLY_ACTIVE_ARCH = YES;
				PRODUCT_NAME = "$(TARGET_NAME)";
				SDKROOT = macosx;
				SWIFT_ACTIVE_COMPILATION_CONDITIONS = DEBUG;
				SWIFT_OPTIMIZATION_LEVEL = "-Onone";
				SWIFT_STRICT_CONCURRENCY = complete;
				SWIFT_TREAT_WARNINGS_AS_ERRORS = YES;
				SWIFT_VERSION = 6.0;
			};
			name = Debug;
		};
		A6AF27DA5BFE597BC9319265 /* Release */ = {
			isa = XCBuildConfiguration;
			buildSettings = {
				BUNDLE_LOADER = "$(TEST_HOST)";
				COMBINE_HIDPI_IMAGES = YES;
				GENERATE_INFOPLIST_FILE = YES;
				LD_RUNPATH_SEARCH_PATHS = (
					"$(inherited)",
					"@executable_path/Frameworks",
					"@loader_path/Frameworks",
				);
				PRODUCT_BUNDLE_IDENTIFIER = local.stickynotes.app.uitests;
				SDKROOT = macosx;
				TEST_TARGET_NAME = StickyNotes;
			};
			name = Release;
		};
		AE1EBAC1711006BC49332BD0 /* Release */ = {
			isa = XCBuildConfiguration;
			buildSettings = {
				CODE_SIGN_ENTITLEMENTS = WidgetExtension/WidgetExtension.entitlements;
				COMBINE_HIDPI_IMAGES = YES;
				INFOPLIST_FILE = WidgetExtension/Info.plist;
				INFOPLIST_KEY_CFBundleDisplayName = "Sticky Notes Widget";
				LD_RUNPATH_SEARCH_PATHS = (
					"$(inherited)",
					"@executable_path/../Frameworks",
					"@executable_path/../../../../Frameworks",
				);
				MACOSX_DEPLOYMENT_TARGET = 26.0;
				PRODUCT_BUNDLE_IDENTIFIER = local.stickynotes.app.widget;
				PRODUCT_NAME = StickyNotesWidget;
				SDKROOT = macosx;
				SKIP_INSTALL = YES;
			};
			name = Release;
		};
		B28FE07A725B66526F54D04D /* Debug */ = {
			isa = XCBuildConfiguration;
			buildSettings = {
				BUNDLE_LOADER = "$(TEST_HOST)";
				COMBINE_HIDPI_IMAGES = YES;
				GENERATE_INFOPLIST_FILE = YES;
				LD_RUNPATH_SEARCH_PATHS = (
					"$(inherited)",
					"@executable_path/../Frameworks",
					"@loader_path/../Frameworks",
				);
				PRODUCT_BUNDLE_IDENTIFIER = local.stickynotes.app.tests;
				SDKROOT = macosx;
				TEST_HOST = "$(BUILT_PRODUCTS_DIR)/StickyNotes.app/Contents/MacOS/StickyNotes";
			};
			name = Debug;
		};
		D01B20383EA9B8979AA36D16 /* Release */ = {
			isa = XCBuildConfiguration;
			buildSettings = {
				BUNDLE_LOADER = "$(TEST_HOST)";
				COMBINE_HIDPI_IMAGES = YES;
				GENERATE_INFOPLIST_FILE = YES;
				LD_RUNPATH_SEARCH_PATHS = (
					"$(inherited)",
					"@executable_path/../Frameworks",
					"@loader_path/../Frameworks",
				);
				PRODUCT_BUNDLE_IDENTIFIER = local.stickynotes.app.tests;
				SDKROOT = macosx;
				TEST_HOST = "$(BUILT_PRODUCTS_DIR)/StickyNotes.app/Contents/MacOS/StickyNotes";
			};
			name = Release;
		};
		D31F41D30AD1B3ECEEB3EC18 /* Debug */ = {
			isa = XCBuildConfiguration;
			buildSettings = {
				BUNDLE_LOADER = "$(TEST_HOST)";
				COMBINE_HIDPI_IMAGES = YES;
				GENERATE_INFOPLIST_FILE = YES;
				LD_RUNPATH_SEARCH_PATHS = (
					"$(inherited)",
					"@executable_path/Frameworks",
					"@loader_path/Frameworks",
				);
				PRODUCT_BUNDLE_IDENTIFIER = local.stickynotes.app.uitests;
				SDKROOT = macosx;
				TEST_TARGET_NAME = StickyNotes;
			};
			name = Debug;
		};
/* End XCBuildConfiguration section */

/* Begin XCConfigurationList section */
		05D154710B9776E968032CCD /* Build configuration list for PBXNativeTarget "AppUITests" */ = {
			isa = XCConfigurationList;
			buildConfigurations = (
				D31F41D30AD1B3ECEEB3EC18 /* Debug */,
				A6AF27DA5BFE597BC9319265 /* Release */,
			);
			defaultConfigurationIsVisible = 0;
			defaultConfigurationName = Debug;
		};
		0C84412A9808554CA465B0EA /* Build configuration list for PBXProject "StickyNotes" */ = {
			isa = XCConfigurationList;
			buildConfigurations = (
				4F46AC4611D5C389471FD1FD /* Debug */,
				2405E397827F72E575CA13E0 /* Release */,
			);
			defaultConfigurationIsVisible = 0;
			defaultConfigurationName = Debug;
		};
		1F2AE3FDAE09C2D4C2E2A8A3 /* Build configuration list for PBXNativeTarget "StickyNotes" */ = {
			isa = XCConfigurationList;
			buildConfigurations = (
				421687E434DC89975A82ED91 /* Debug */,
				1B80FDFB6344E1C29C6BD576 /* Release */,
			);
			defaultConfigurationIsVisible = 0;
			defaultConfigurationName = Debug;
		};
		8585E4A56289BB45D79A80B1 /* Build configuration list for PBXNativeTarget "WidgetExtension" */ = {
			isa = XCConfigurationList;
			buildConfigurations = (
				0C2CCF13599AF7209D220E0D /* Debug */,
				AE1EBAC1711006BC49332BD0 /* Release */,
			);
			defaultConfigurationIsVisible = 0;
			defaultConfigurationName = Debug;
		};
		C316B0AFADC582A9D88D87AC /* Build configuration list for PBXNativeTarget "AppTests" */ = {
			isa = XCConfigurationList;
			buildConfigurations = (
				B28FE07A725B66526F54D04D /* Debug */,
				D01B20383EA9B8979AA36D16 /* Release */,
			);
			defaultConfigurationIsVisible = 0;
			defaultConfigurationName = Debug;
		};
/* End XCConfigurationList section */

/* Begin XCLocalSwiftPackageReference section */
		C8E97FDB01B935069ABAECC9 /* XCLocalSwiftPackageReference "Packages/StickyCore" */ = {
			isa = XCLocalSwiftPackageReference;
			relativePath = Packages/StickyCore;
		};
/* End XCLocalSwiftPackageReference section */

/* Begin XCRemoteSwiftPackageReference section */
		0A7913A0291CE7CDB8AEF30F /* XCRemoteSwiftPackageReference "GRDB.swift" */ = {
			isa = XCRemoteSwiftPackageReference;
			repositoryURL = "https://github.com/groue/GRDB.swift.git";
			requirement = {
				kind = upToNextMajorVersion;
				minimumVersion = 7.11.0;
			};
		};
/* End XCRemoteSwiftPackageReference section */

/* Begin XCSwiftPackageProductDependency section */
		0E924C867EAA12FBA94B943D /* Domain */ = {
			isa = XCSwiftPackageProductDependency;
			productName = Domain;
		};
		33ACDE522DDC6C590228CA92 /* SyncCore */ = {
			isa = XCSwiftPackageProductDependency;
			productName = SyncCore;
		};
		685DD79A896646A6A66AF18F /* Persistence */ = {
			isa = XCSwiftPackageProductDependency;
			productName = Persistence;
		};
		6FFFFB09E504973F99ADC646 /* AssetStore */ = {
			isa = XCSwiftPackageProductDependency;
			productName = AssetStore;
		};
		909C861577CB828CAC56F732 /* GRDB */ = {
			isa = XCSwiftPackageProductDependency;
			package = 0A7913A0291CE7CDB8AEF30F /* XCRemoteSwiftPackageReference "GRDB.swift" */;
			productName = GRDB;
		};
		A5139BD372DFB1A4199024BE /* SecurityCore */ = {
			isa = XCSwiftPackageProductDependency;
			productName = SecurityCore;
		};
		B3648445B9C8B8BAB042421A /* EditorCore */ = {
			isa = XCSwiftPackageProductDependency;
			productName = EditorCore;
		};
		BB1B7579CFA6433AA1BFD527 /* Persistence */ = {
			isa = XCSwiftPackageProductDependency;
			productName = Persistence;
		};
		F5142B2FF36510477A5F737C /* SystemBridge */ = {
			isa = XCSwiftPackageProductDependency;
			productName = SystemBridge;
		};
		F70C2DB4F125716B9C4A4E22 /* Domain */ = {
			isa = XCSwiftPackageProductDependency;
			productName = Domain;
		};
		"TEMP_28312C4A-EF78-4E8C-8781-5F076A3385D3" /* GRDB */ = {
			isa = XCSwiftPackageProductDependency;
			package = 0A7913A0291CE7CDB8AEF30F /* XCRemoteSwiftPackageReference "GRDB.swift" */;
			productName = GRDB;
		};
		"TEMP_39B2D965-2585-40FE-89AB-120152BC19D6" /* Persistence */ = {
			isa = XCSwiftPackageProductDependency;
			productName = Persistence;
		};
		"TEMP_9342D52E-0A91-485A-8881-C471E06270F2" /* SystemBridge */ = {
			isa = XCSwiftPackageProductDependency;
			productName = SystemBridge;
		};
		"TEMP_98EC318B-A4F0-478B-A0F2-C0C9EF0312B0" /* Domain */ = {
			isa = XCSwiftPackageProductDependency;
			productName = Domain;
		};
		"TEMP_E7753281-A52F-40B9-A47D-51B5EBA8E4EB" /* EditorCore */ = {
			isa = XCSwiftPackageProductDependency;
			productName = EditorCore;
		};
/* End XCSwiftPackageProductDependency section */
	};
	rootObject = 91582E3B08811EC7ED174249 /* Project object */;
}
