{
  "originHash" : "cab5f5b1cc818cdd2841e67592ebc1f112dc042de933a00540b1550cbd157ef7",
  "pins" : [
    {
      "identity" : "argon2-swift",
      "kind" : "remoteSourceControl",
      "location" : "https://github.com/mimiclone/argon2-swift.git",
      "state" : {
        "revision" : "0f6581ee4051a9160f735e9b4b7f47431151b89d",
        "version" : "1.0.4"
      }
    },
    {
      "identity" : "grdb.swift",
      "kind" : "remoteSourceControl",
      "location" : "https://github.com/groue/GRDB.swift.git",
      "state" : {
        "revision" : "b83108d10f42680d78f23fe4d4d80fc88dab3212",
        "version" : "7.11.1"
      }
    }
  ],
  "version" : 3
}
